
Microsoft Visual Studio Solution File, Format Version 12.00
# Visual Studio Version 17
VisualStudioVersion = 17.0.32112.339
MinimumVisualStudioVersion = 10.0.40219.1
Project("{9A19103F-16F7-4668-BE54-9A1E7A4F7556}") = "Test", "Test\Test.csproj", "{582E00A2-4FA4-41DC-84AD-EE264A9FF4D8}"
EndProject
Project("{9A19103F-16F7-4668-BE54-9A1E7A4F7556}") = "XUnitTest", "XUnitTest\XUnitTest.csproj", "{08A39462-0531-45AB-ACBB-03F62AF4400F}"
EndProject
Project("{2150E333-8FDC-42A3-9474-1A3956D46DE8}") = "Solution Items", "Solution Items", "{719C113A-6804-4150-8473-BF889F06DFD6}"
	ProjectSection(SolutionItems) = preProject
		.editorconfig = .editorconfig
		.github\workflows\publish-beta.yml = .github\workflows\publish-beta.yml
		.github\workflows\publish.yml = .github\workflows\publish.yml
		Readme.MD = Readme.MD
		.github\workflows\test.yml = .github\workflows\test.yml
	EndProjectSection
EndProject
Project("{9A19103F-16F7-4668-BE54-9A1E7A4F7556}") = "NewLife.Remoting", "NewLife.Remoting\NewLife.Remoting.csproj", "{D07654F5-5A89-4781-9094-070D026858CE}"
EndProject
Project("{9A19103F-16F7-4668-BE54-9A1E7A4F7556}") = "Demo", "Samples\Demo\Demo.csproj", "{685205DD-0754-4877-9A96-40CD18F8D84B}"
EndProject
Project("{2150E333-8FDC-42A3-9474-1A3956D46DE8}") = "Samples", "Samples", "{8DB8495C-1EB6-41AE-83DD-55DBBB0E6FA2}"
EndProject
Project("{9A19103F-16F7-4668-BE54-9A1E7A4F7556}") = "Zero.RpcServer", "Samples\Zero.RpcServer\Zero.RpcServer.csproj", "{8351AC88-1955-48AD-B6F4-26959E1A0C4C}"
EndProject
Project("{9A19103F-16F7-4668-BE54-9A1E7A4F7556}") = "NewLife.Remoting.Extensions", "NewLife.Remoting.Extensions\NewLife.Remoting.Extensions.csproj", "{8A9D4116-66D8-48B5-B997-CAD182304F96}"
EndProject
Project("{9A19103F-16F7-4668-BE54-9A1E7A4F7556}") = "IoTZero", "Samples\IoTZero\IoTZero.csproj", "{1DEAF969-F093-4D99-80C9-1CEA3BD06ABB}"
EndProject
Project("{9A19103F-16F7-4668-BE54-9A1E7A4F7556}") = "ZeroServer", "Samples\ZeroServer\ZeroServer.csproj", "{95AA14E4-6771-487B-886E-251C785624E6}"
EndProject
Project("{FAE04EC0-301F-11D3-BF4B-00C04F79EFBC}") = "Zero.Desktop", "Samples\Zero.Desktop\Zero.Desktop.csproj", "{C9E9BE11-9B06-483D-86C1-3C11D1A5907A}"
EndProject
Global
	GlobalSection(SolutionConfigurationPlatforms) = preSolution
		Debug|Any CPU = Debug|Any CPU
		Release|Any CPU = Release|Any CPU
	EndGlobalSection
	GlobalSection(ProjectConfigurationPlatforms) = postSolution
		{582E00A2-4FA4-41DC-84AD-EE264A9FF4D8}.Debug|Any CPU.ActiveCfg = Debug|Any CPU
		{582E00A2-4FA4-41DC-84AD-EE264A9FF4D8}.Debug|Any CPU.Build.0 = Debug|Any CPU
		{582E00A2-4FA4-41DC-84AD-EE264A9FF4D8}.Release|Any CPU.ActiveCfg = Release|Any CPU
		{582E00A2-4FA4-41DC-84AD-EE264A9FF4D8}.Release|Any CPU.Build.0 = Release|Any CPU
		{08A39462-0531-45AB-ACBB-03F62AF4400F}.Debug|Any CPU.ActiveCfg = Debug|Any CPU
		{08A39462-0531-45AB-ACBB-03F62AF4400F}.Debug|Any CPU.Build.0 = Debug|Any CPU
		{08A39462-0531-45AB-ACBB-03F62AF4400F}.Release|Any CPU.ActiveCfg = Release|Any CPU
		{08A39462-0531-45AB-ACBB-03F62AF4400F}.Release|Any CPU.Build.0 = Release|Any CPU
		{D07654F5-5A89-4781-9094-070D026858CE}.Debug|Any CPU.ActiveCfg = Debug|Any CPU
		{D07654F5-5A89-4781-9094-070D026858CE}.Debug|Any CPU.Build.0 = Debug|Any CPU
		{D07654F5-5A89-4781-9094-070D026858CE}.Release|Any CPU.ActiveCfg = Release|Any CPU
		{D07654F5-5A89-4781-9094-070D026858CE}.Release|Any CPU.Build.0 = Release|Any CPU
		{685205DD-0754-4877-9A96-40CD18F8D84B}.Debug|Any CPU.ActiveCfg = Debug|Any CPU
		{685205DD-0754-4877-9A96-40CD18F8D84B}.Debug|Any CPU.Build.0 = Debug|Any CPU
		{685205DD-0754-4877-9A96-40CD18F8D84B}.Release|Any CPU.ActiveCfg = Release|Any CPU
		{685205DD-0754-4877-9A96-40CD18F8D84B}.Release|Any CPU.Build.0 = Release|Any CPU
		{8351AC88-1955-48AD-B6F4-26959E1A0C4C}.Debug|Any CPU.ActiveCfg = Debug|Any CPU
		{8351AC88-1955-48AD-B6F4-26959E1A0C4C}.Debug|Any CPU.Build.0 = Debug|Any CPU
		{8351AC88-1955-48AD-B6F4-26959E1A0C4C}.Release|Any CPU.ActiveCfg = Release|Any CPU
		{8351AC88-1955-48AD-B6F4-26959E1A0C4C}.Release|Any CPU.Build.0 = Release|Any CPU
		{8A9D4116-66D8-48B5-B997-CAD182304F96}.Debug|Any CPU.ActiveCfg = Debug|Any CPU
		{8A9D4116-66D8-48B5-B997-CAD182304F96}.Debug|Any CPU.Build.0 = Debug|Any CPU
		{8A9D4116-66D8-48B5-B997-CAD182304F96}.Release|Any CPU.ActiveCfg = Release|Any CPU
		{8A9D4116-66D8-48B5-B997-CAD182304F96}.Release|Any CPU.Build.0 = Release|Any CPU
		{1DEAF969-F093-4D99-80C9-1CEA3BD06ABB}.Debug|Any CPU.ActiveCfg = Debug|Any CPU
		{1DEAF969-F093-4D99-80C9-1CEA3BD06ABB}.Debug|Any CPU.Build.0 = Debug|Any CPU
		{1DEAF969-F093-4D99-80C9-1CEA3BD06ABB}.Release|Any CPU.ActiveCfg = Release|Any CPU
		{1DEAF969-F093-4D99-80C9-1CEA3BD06ABB}.Release|Any CPU.Build.0 = Release|Any CPU
		{95AA14E4-6771-487B-886E-251C785624E6}.Debug|Any CPU.ActiveCfg = Debug|Any CPU
		{95AA14E4-6771-487B-886E-251C785624E6}.Debug|Any CPU.Build.0 = Debug|Any CPU
		{95AA14E4-6771-487B-886E-251C785624E6}.Release|Any CPU.ActiveCfg = Release|Any CPU
		{95AA14E4-6771-487B-886E-251C785624E6}.Release|Any CPU.Build.0 = Release|Any CPU
		{C9E9BE11-9B06-483D-86C1-3C11D1A5907A}.Debug|Any CPU.ActiveCfg = Debug|Any CPU
		{C9E9BE11-9B06-483D-86C1-3C11D1A5907A}.Debug|Any CPU.Build.0 = Debug|Any CPU
		{C9E9BE11-9B06-483D-86C1-3C11D1A5907A}.Release|Any CPU.ActiveCfg = Release|Any CPU
		{C9E9BE11-9B06-483D-86C1-3C11D1A5907A}.Release|Any CPU.Build.0 = Release|Any CPU
	EndGlobalSection
	GlobalSection(SolutionProperties) = preSolution
		HideSolutionNode = FALSE
	EndGlobalSection
	GlobalSection(NestedProjects) = preSolution
		{685205DD-0754-4877-9A96-40CD18F8D84B} = {8DB8495C-1EB6-41AE-83DD-55DBBB0E6FA2}
		{8351AC88-1955-48AD-B6F4-26959E1A0C4C} = {8DB8495C-1EB6-41AE-83DD-55DBBB0E6FA2}
		{1DEAF969-F093-4D99-80C9-1CEA3BD06ABB} = {8DB8495C-1EB6-41AE-83DD-55DBBB0E6FA2}
		{95AA14E4-6771-487B-886E-251C785624E6} = {8DB8495C-1EB6-41AE-83DD-55DBBB0E6FA2}
		{C9E9BE11-9B06-483D-86C1-3C11D1A5907A} = {8DB8495C-1EB6-41AE-83DD-55DBBB0E6FA2}
	EndGlobalSection
	GlobalSection(ExtensibilityGlobals) = postSolution
		SolutionGuid = {323831A1-A95B-40AB-B9AD-36A0BC10C2CB}
	EndGlobalSection
EndGlobal
